
Microsoft Visual Studio Solution File, Format Version 12.00
# Visual Studio Version 16
VisualStudioVersion = 16.0.31424.327
MinimumVisualStudioVersion = 10.0.40219.1
Project("{FAE04EC0-301F-11D3-BF4B-00C04F79EFBC}") = "ExerciseInterfaces", "ExerciseInterfaces\ExerciseInterfaces.csproj", "{BDE58CDA-2322-4184-BB8E-1EE84C025994}"
EndProject
Global
	GlobalSection(SolutionConfigurationPlatforms) = preSolution
		Debug|Any CPU = Debug|Any CPU
		Release|Any CPU = Release|Any CPU
	EndGlobalSection
	GlobalSection(ProjectConfigurationPlatforms) = postSolution
		{BDE58CDA-2322-4184-BB8E-1EE84C025994}.Debug|Any CPU.ActiveCfg = Debug|Any CPU
		{BDE58CDA-2322-4184-BB8E-1EE84C025994}.Debug|Any CPU.Build.0 = Debug|Any CPU
		{BDE58CDA-2322-4184-BB8E-1EE84C025994}.Release|Any CPU.ActiveCfg = Release|Any CPU
		{BDE58CDA-2322-4184-BB8E-1EE84C025994}.Release|Any CPU.Build.0 = Release|Any CPU
	EndGlobalSection
	GlobalSection(SolutionProperties) = preSolution
		HideSolutionNode = FALSE
	EndGlobalSection
	GlobalSection(ExtensibilityGlobals) = postSolution
		SolutionGuid = {C95B0FBC-E8C9-4F77-AC46-6972581F0C50}
	EndGlobalSection
EndGlobal
